
Microsoft Visual Studio Solution File, Format Version 10.00
# Visual C++ Express 2008
Project("{8BC9CEB8-8B4A-11D0-8D11-00A0C91BC942}") = "T05DET", "T05DET.vcproj", "{CA0A05C6-ACBF-4948-9D7C-C1149AB24C6F}"
EndProject
Global
	GlobalSection(SolutionConfigurationPlatforms) = preSolution
		Debug|Win32 = Debug|Win32
		Release|Win32 = Release|Win32
	EndGlobalSection
	GlobalSection(ProjectConfigurationPlatforms) = postSolution
		{CA0A05C6-ACBF-4948-9D7C-C1149AB24C6F}.Debug|Win32.ActiveCfg = Debug|Win32
		{CA0A05C6-ACBF-4948-9D7C-C1149AB24C6F}.Debug|Win32.Build.0 = Debug|Win32
		{CA0A05C6-ACBF-4948-9D7C-C1149AB24C6F}.Release|Win32.ActiveCfg = Release|Win32
		{CA0A05C6-ACBF-4948-9D7C-C1149AB24C6F}.Release|Win32.Build.0 = Release|Win32
	EndGlobalSection
	GlobalSection(SolutionProperties) = preSolution
		HideSolutionNode = FALSE
	EndGlobalSection
EndGlobal
